// !$*UTF8*$!
{
	archiveVersion = 1;
	classes = {
	};
	objectVersion = 56;
	objects = {

/* Begin PBXBuildFile section */
		2B1C59EA29538D560079BC85 /* Volleybal_PlusApp.swift in Sources */ = {isa = PBXBuildFile; fileRef = 2B1C59E929538D560079BC85 /* Volleybal_PlusApp.swift */; };
		2B1C59EC29538D560079BC85 /* ContentView.swift in Sources */ = {isa = PBXBuildFile; fileRef = 2B1C59EB29538D560079BC85 /* ContentView.swift */; };
		2B1C59EE29538D570079BC85 /* Assets.xcassets in Resources */ = {isa = PBXBuildFile; fileRef = 2B1C59ED29538D570079BC85 /* Assets.xcassets */; };
		2B1C59F129538D570079BC85 /* Preview Assets.xcassets in Resources */ = {isa = PBXBuildFile; fileRef = 2B1C59F029538D570079BC85 /* Preview Assets.xcassets */; };
		2B1C59F929538D990079BC85 /* SearchResult.swift in Sources */ = {isa = PBXBuildFile; fileRef = 2B1C59F829538D990079BC85 /* SearchResult.swift */; };
		2B1C59FC29538F7A0079BC85 /* SearchViewModel.swift in Sources */ = {isa = PBXBuildFile; fileRef = 2B1C59FB29538F7A0079BC85 /* SearchViewModel.swift */; };
		2B1C59FF29538F8D0079BC85 /* SearchView.swift in Sources */ = {isa = PBXBuildFile; fileRef = 2B1C59FE29538F8D0079BC85 /* SearchView.swift */; };
		2B8E7B652959E9F4003E108F /* TeamSearchCell.swift in Sources */ = {isa = PBXBuildFile; fileRef = 2B8E7B642959E9F4003E108F /* TeamSearchCell.swift */; };
		2B8E7B682959EB55003E108F /* Color.swift in Sources */ = {isa = PBXBuildFile; fileRef = 2B8E7B672959EB55003E108F /* Color.swift */; };
		2B8E7B6B2959F406003E108F /* ImageLoadingViewModel.swift in Sources */ = {isa = PBXBuildFile; fileRef = 2B8E7B6A2959F406003E108F /* ImageLoadingViewModel.swift */; };
		2B8E7B6D2959F465003E108F /* TeamImagesCacheManager.swift in Sources */ = {isa = PBXBuildFile; fileRef = 2B8E7B6C2959F465003E108F /* TeamImagesCacheManager.swift */; };
		2B8E7B6F2959F4AC003E108F /* TeamImagesFileManager.swift in Sources */ = {isa = PBXBuildFile; fileRef = 2B8E7B6E2959F4AC003E108F /* TeamImagesFileManager.swift */; };
		2B8E7B712959F631003E108F /* DownloadingImageView.swift in Sources */ = {isa = PBXBuildFile; fileRef = 2B8E7B702959F631003E108F /* DownloadingImageView.swift */; };
		2B8E7B73295A0199003E108F /* FirstLaunchScreen.swift in Sources */ = {isa = PBXBuildFile; fileRef = 2B8E7B72295A0199003E108F /* FirstLaunchScreen.swift */; };
		2B8E7B75295A1A10003E108F /* HomeView.swift in Sources */ = {isa = PBXBuildFile; fileRef = 2B8E7B74295A1A10003E108F /* HomeView.swift */; };
		2B8E7B77295A1A1F003E108F /* CompetitionView.swift in Sources */ = {isa = PBXBuildFile; fileRef = 2B8E7B76295A1A1F003E108F /* CompetitionView.swift */; };
		2B8E7B79295A1A29003E108F /* SettingsView.swift in Sources */ = {isa = PBXBuildFile; fileRef = 2B8E7B78295A1A29003E108F /* SettingsView.swift */; };
		2B8E7B7E295A1D2D003E108F /* GradientButtonStyle.swift in Sources */ = {isa = PBXBuildFile; fileRef = 2B8E7B7D295A1D2D003E108F /* GradientButtonStyle.swift */; };
		2BB506F2295A245600E5E4F2 /* CoreDataViewModel.swift in Sources */ = {isa = PBXBuildFile; fileRef = 2BB506F1295A245600E5E4F2 /* CoreDataViewModel.swift */; };
		2BB506F6295A24F000E5E4F2 /* TeamsContainer.xcdatamodeld in Sources */ = {isa = PBXBuildFile; fileRef = 2BB506F4295A24F000E5E4F2 /* TeamsContainer.xcdatamodeld */; };
		2BB506F8295A25F600E5E4F2 /* FavoriteTeamsView.swift in Sources */ = {isa = PBXBuildFile; fileRef = 2BB506F7295A25F600E5E4F2 /* FavoriteTeamsView.swift */; };
/* End PBXBuildFile section */

/* Begin PBXFileReference section */
		2B1C59E629538D560079BC85 /* Volleybal Plus.app */ = {isa = PBXFileReference; explicitFileType = wrapper.application; includeInIndex = 0; path = "Volleybal Plus.app"; sourceTree = BUILT_PRODUCTS_DIR; };
		2B1C59E929538D560079BC85 /* Volleybal_PlusApp.swift */ = {isa = PBXFileReference; lastKnownFileType = sourcecode.swift; path = Volleybal_PlusApp.swift; sourceTree = "<group>"; };
		2B1C59EB29538D560079BC85 /* ContentView.swift */ = {isa = PBXFileReference; lastKnownFileType = sourcecode.swift; path = ContentView.swift; sourceTree = "<group>"; };
		2B1C59ED29538D570079BC85 /* Assets.xcassets */ = {isa = PBXFileReference; lastKnownFileType = folder.assetcatalog; path = Assets.xcassets; sourceTree = "<group>"; };
		2B1C59F029538D570079BC85 /* Preview Assets.xcassets */ = {isa = PBXFileReference; lastKnownFileType = folder.assetcatalog; path = "Preview Assets.xcassets"; sourceTree = "<group>"; };
		2B1C59F829538D990079BC85 /* SearchResult.swift */ = {isa = PBXFileReference; lastKnownFileType = sourcecode.swift; path = SearchResult.swift; sourceTree = "<group>"; };
		2B1C59FB29538F7A0079BC85 /* SearchViewModel.swift */ = {isa = PBXFileReference; lastKnownFileType = sourcecode.swift; path = SearchViewModel.swift; sourceTree = "<group>"; };
		2B1C59FE29538F8D0079BC85 /* SearchView.swift */ = {isa = PBXFileReference; lastKnownFileType = sourcecode.swift; path = SearchView.swift; sourceTree = "<group>"; };
		2B8E7B642959E9F4003E108F /* TeamSearchCell.swift */ = {isa = PBXFileReference; lastKnownFileType = sourcecode.swift; path = TeamSearchCell.swift; sourceTree = "<group>"; };
		2B8E7B672959EB55003E108F /* Color.swift */ = {isa = PBXFileReference; lastKnownFileType = sourcecode.swift; path = Color.swift; sourceTree = "<group>"; };
		2B8E7B6A2959F406003E108F /* ImageLoadingViewModel.swift */ = {isa = PBXFileReference; lastKnownFileType = sourcecode.swift; path = ImageLoadingViewModel.swift; sourceTree = "<group>"; };
		2B8E7B6C2959F465003E108F /* TeamImagesCacheManager.swift */ = {isa = PBXFileReference; lastKnownFileType = sourcecode.swift; path = TeamImagesCacheManager.swift; sourceTree = "<group>"; };
		2B8E7B6E2959F4AC003E108F /* TeamImagesFileManager.swift */ = {isa = PBXFileReference; lastKnownFileType = sourcecode.swift; path = TeamImagesFileManager.swift; sourceTree = "<group>"; };
		2B8E7B702959F631003E108F /* DownloadingImageView.swift */ = {isa = PBXFileReference; lastKnownFileType = sourcecode.swift; path = DownloadingImageView.swift; sourceTree = "<group>"; };
		2B8E7B72295A0199003E108F /* FirstLaunchScreen.swift */ = {isa = PBXFileReference; lastKnownFileType = sourcecode.swift; path = FirstLaunchScreen.swift; sourceTree = "<group>"; };
		2B8E7B74295A1A10003E108F /* HomeView.swift */ = {isa = PBXFileReference; lastKnownFileType = sourcecode.swift; path = HomeView.swift; sourceTree = "<group>"; };
		2B8E7B76295A1A1F003E108F /* CompetitionView.swift */ = {isa = PBXFileReference; lastKnownFileType = sourcecode.swift; path = CompetitionView.swift; sourceTree = "<group>"; };
		2B8E7B78295A1A29003E108F /* SettingsView.swift */ = {isa = PBXFileReference; lastKnownFileType = sourcecode.swift; path = SettingsView.swift; sourceTree = "<group>"; };
		2B8E7B7D295A1D2D003E108F /* GradientButtonStyle.swift */ = {isa = PBXFileReference; lastKnownFileType = sourcecode.swift; path = GradientButtonStyle.swift; sourceTree = "<group>"; };
		2BB506F1295A245600E5E4F2 /* CoreDataViewModel.swift */ = {isa = PBXFileReference; lastKnownFileType = sourcecode.swift; path = CoreDataViewModel.swift; sourceTree = "<group>"; };
		2BB506F5295A24F000E5E4F2 /* TeamsContainer.xcdatamodel */ = {isa = PBXFileReference; lastKnownFileType = wrapper.xcdatamodel; path = TeamsContainer.xcdatamodel; sourceTree = "<group>"; };
		2BB506F7295A25F600E5E4F2 /* FavoriteTeamsView.swift */ = {isa = PBXFileReference; lastKnownFileType = sourcecode.swift; path = FavoriteTeamsView.swift; sourceTree = "<group>"; };
/* End PBXFileReference section */

/* Begin PBXFrameworksBuildPhase section */
		2B1C59E329538D560079BC85 /* Frameworks */ = {
			isa = PBXFrameworksBuildPhase;
			buildActionMask = 2147483647;
			files = (
			);
			runOnlyForDeploymentPostprocessing = 0;
		};
/* End PBXFrameworksBuildPhase section */

/* Begin PBXGroup section */
		2B1C59DD29538D560079BC85 = {
			isa = PBXGroup;
			children = (
				2B1C59E829538D560079BC85 /* Volleybal Plus */,
				2B1C59E729538D560079BC85 /* Products */,
			);
			sourceTree = "<group>";
		};
		2B1C59E729538D560079BC85 /* Products */ = {
			isa = PBXGroup;
			children = (
				2B1C59E629538D560079BC85 /* Volleybal Plus.app */,
			);
			name = Products;
			sourceTree = "<group>";
		};
		2B1C59E829538D560079BC85 /* Volleybal Plus */ = {
			isa = PBXGroup;
			children = (
				2BB506F3295A24D500E5E4F2 /* Data */,
				2B8E7B662959EB46003E108F /* Utils */,
				2B1C59FD29538F840079BC85 /* Views */,
				2B1C59FA29538F660079BC85 /* ViewModels */,
				2B1C59F729538D890079BC85 /* Models */,
				2B1C59E929538D560079BC85 /* Volleybal_PlusApp.swift */,
				2B1C59EB29538D560079BC85 /* ContentView.swift */,
				2B1C59ED29538D570079BC85 /* Assets.xcassets */,
				2B1C59EF29538D570079BC85 /* Preview Content */,
			);
			path = "Volleybal Plus";
			sourceTree = "<group>";
		};
		2B1C59EF29538D570079BC85 /* Preview Content */ = {
			isa = PBXGroup;
			children = (
				2B1C59F029538D570079BC85 /* Preview Assets.xcassets */,
			);
			path = "Preview Content";
			sourceTree = "<group>";
		};
		2B1C59F729538D890079BC85 /* Models */ = {
			isa = PBXGroup;
			children = (
				2B1C59F829538D990079BC85 /* SearchResult.swift */,
			);
			path = Models;
			sourceTree = "<group>";
		};
		2B1C59FA29538F660079BC85 /* ViewModels */ = {
			isa = PBXGroup;
			children = (
				2B1C59FB29538F7A0079BC85 /* SearchViewModel.swift */,
				2B8E7B6A2959F406003E108F /* ImageLoadingViewModel.swift */,
				2BB506F1295A245600E5E4F2 /* CoreDataViewModel.swift */,
			);
			path = ViewModels;
			sourceTree = "<group>";
		};
		2B1C59FD29538F840079BC85 /* Views */ = {
			isa = PBXGroup;
			children = (
				2B8E7B7A295A1C3A003E108F /* Components */,
				2B1C59FE29538F8D0079BC85 /* SearchView.swift */,
				2B8E7B72295A0199003E108F /* FirstLaunchScreen.swift */,
				2B8E7B74295A1A10003E108F /* HomeView.swift */,
				2B8E7B76295A1A1F003E108F /* CompetitionView.swift */,
				2B8E7B78295A1A29003E108F /* SettingsView.swift */,
				2BB506F7295A25F600E5E4F2 /* FavoriteTeamsView.swift */,
			);
			path = Views;
			sourceTree = "<group>";
		};
		2B8E7B662959EB46003E108F /* Utils */ = {
			isa = PBXGroup;
			children = (
				2B8E7B672959EB55003E108F /* Color.swift */,
				2B8E7B6C2959F465003E108F /* TeamImagesCacheManager.swift */,
				2B8E7B6E2959F4AC003E108F /* TeamImagesFileManager.swift */,
				2B8E7B7D295A1D2D003E108F /* GradientButtonStyle.swift */,
			);
			path = Utils;
			sourceTree = "<group>";
		};
		2B8E7B7A295A1C3A003E108F /* Components */ = {
			isa = PBXGroup;
			children = (
				2B8E7B642959E9F4003E108F /* TeamSearchCell.swift */,
				2B8E7B702959F631003E108F /* DownloadingImageView.swift */,
			);
			path = Components;
			sourceTree = "<group>";
		};
		2BB506F3295A24D500E5E4F2 /* Data */ = {
			isa = PBXGroup;
			children = (
				2BB506F4295A24F000E5E4F2 /* TeamsContainer.xcdatamodeld */,
			);
			path = Data;
			sourceTree = "<group>";
		};
/* End PBXGroup section */

/* Begin PBXNativeTarget section */
		2B1C59E529538D560079BC85 /* Volleybal Plus */ = {
			isa = PBXNativeTarget;
			buildConfigurationList = 2B1C59F429538D570079BC85 /* Build configuration list for PBXNativeTarget "Volleybal Plus" */;
			buildPhases = (
				2B1C59E229538D560079BC85 /* Sources */,
				2B1C59E329538D560079BC85 /* Frameworks */,
				2B1C59E429538D560079BC85 /* Resources */,
			);
			buildRules = (
			);
			dependencies = (
			);
			name = "Volleybal Plus";
			productName = "Volleybal Plus";
			productReference = 2B1C59E629538D560079BC85 /* Volleybal Plus.app */;
			productType = "com.apple.product-type.application";
		};
/* End PBXNativeTarget section */

/* Begin PBXProject section */
		2B1C59DE29538D560079BC85 /* Project object */ = {
			isa = PBXProject;
			attributes = {
				BuildIndependentTargetsInParallel = 1;
				LastSwiftUpdateCheck = 1410;
				LastUpgradeCheck = 1410;
				TargetAttributes = {
					2B1C59E529538D560079BC85 = {
						CreatedOnToolsVersion = 14.1;
					};
				};
			};
			buildConfigurationList = 2B1C59E129538D560079BC85 /* Build configuration list for PBXProject "Volleybal Plus" */;
			compatibilityVersion = "Xcode 14.0";
			developmentRegion = en;
			hasScannedForEncodings = 0;
			knownRegions = (
				en,
				Base,
			);
			mainGroup = 2B1C59DD29538D560079BC85;
			productRefGroup = 2B1C59E729538D560079BC85 /* Products */;
			projectDirPath = "";
			projectRoot = "";
			targets = (
				2B1C59E529538D560079BC85 /* Volleybal Plus */,
			);
		};
/* End PBXProject section */

/* Begin PBXResourcesBuildPhase section */
		2B1C59E429538D560079BC85 /* Resources */ = {
			isa = PBXResourcesBuildPhase;
			buildActionMask = 2147483647;
			files = (
				2B1C59F129538D570079BC85 /* Preview Assets.xcassets in Resources */,
				2B1C59EE29538D570079BC85 /* Assets.xcassets in Resources */,
			);
			runOnlyForDeploymentPostprocessing = 0;
		};
/* End PBXResourcesBuildPhase section */

/* Begin PBXSourcesBuildPhase section */
		2B1C59E229538D560079BC85 /* Sources */ = {
			isa = PBXSourcesBuildPhase;
			buildActionMask = 2147483647;
			files = (
				2B8E7B79295A1A29003E108F /* SettingsView.swift in Sources */,
				2B8E7B652959E9F4003E108F /* TeamSearchCell.swift in Sources */,
				2B8E7B73295A0199003E108F /* FirstLaunchScreen.swift in Sources */,
				2BB506F8295A25F600E5E4F2 /* FavoriteTeamsView.swift in Sources */,
				2B8E7B75295A1A10003E108F /* HomeView.swift in Sources */,
				2BB506F2295A245600E5E4F2 /* CoreDataViewModel.swift in Sources */,
				2B1C59FF29538F8D0079BC85 /* SearchView.swift in Sources */,
				2B8E7B682959EB55003E108F /* Color.swift in Sources */,
				2B8E7B6B2959F406003E108F /* ImageLoadingViewModel.swift in Sources */,
				2B1C59EC29538D560079BC85 /* ContentView.swift in Sources */,
				2B8E7B712959F631003E108F /* DownloadingImageView.swift in Sources */,
				2B1C59F929538D990079BC85 /* SearchResult.swift in Sources */,
				2B1C59FC29538F7A0079BC85 /* SearchViewModel.swift in Sources */,
				2B1C59EA29538D560079BC85 /* Volleybal_PlusApp.swift in Sources */,
				2B8E7B6F2959F4AC003E108F /* TeamImagesFileManager.swift in Sources */,
				2B8E7B77295A1A1F003E108F /* CompetitionView.swift in Sources */,
				2B8E7B6D2959F465003E108F /* TeamImagesCacheManager.swift in Sources */,
				2BB506F6295A24F000E5E4F2 /* TeamsContainer.xcdatamodeld in Sources */,
				2B8E7B7E295A1D2D003E108F /* GradientButtonStyle.swift in Sources */,
			);
			runOnlyForDeploymentPostprocessing = 0;
		};
/* End PBXSourcesBuildPhase section */

/* Begin XCBuildConfiguration section */
		2B1C59F229538D570079BC85 /* Debug */ = {
			isa = XCBuildConfiguration;
			buildSettings = {
				ALWAYS_SEARCH_USER_PATHS = NO;
				CLANG_ANALYZER_NONNULL = YES;
				CLANG_ANALYZER_NUMBER_OBJECT_CONVERSION = YES_AGGRESSIVE;
				CLANG_CXX_LANGUAGE_STANDARD = "gnu++20";
				CLANG_ENABLE_MODULES = YES;
				CLANG_ENABLE_OBJC_ARC = YES;
				CLANG_ENABLE_OBJC_WEAK = YES;
				CLANG_WARN_BLOCK_CAPTURE_AUTORELEASING = YES;
				CLANG_WARN_BOOL_CONVERSION = YES;
				CLANG_WARN_COMMA = YES;
				CLANG_WARN_CONSTANT_CONVERSION = YES;
				CLANG_WARN_DEPRECATED_OBJC_IMPLEMENTATIONS = YES;
				CLANG_WARN_DIRECT_OBJC_ISA_USAGE = YES_ERROR;
				CLANG_WARN_DOCUMENTATION_COMMENTS = YES;
				CLANG_WARN_EMPTY_BODY = YES;
				CLANG_WARN_ENUM_CONVERSION = YES;
				CLANG_WARN_INFINITE_RECURSION = YES;
				CLANG_WARN_INT_CONVERSION = YES;
				CLANG_WARN_NON_LITERAL_NULL_CONVERSION = YES;
				CLANG_WARN_OBJC_IMPLICIT_RETAIN_SELF = YES;
				CLANG_WARN_OBJC_LITERAL_CONVERSION = YES;
				CLANG_WARN_OBJC_ROOT_CLASS = YES_ERROR;
				CLANG_WARN_QUOTED_INCLUDE_IN_FRAMEWORK_HEADER = YES;
				CLANG_WARN_RANGE_LOOP_ANALYSIS = YES;
				CLANG_WARN_STRICT_PROTOTYPES = YES;
				CLANG_WARN_SUSPICIOUS_MOVE = YES;
				CLANG_WARN_UNGUARDED_AVAILABILITY = YES_AGGRESSIVE;
				CLANG_WARN_UNREACHABLE_CODE = YES;
				CLANG_WARN__DUPLICATE_METHOD_MATCH = YES;
				COPY_PHASE_STRIP = NO;
				DEBUG_INFORMATION_FORMAT = dwarf;
				ENABLE_STRICT_OBJC_MSGSEND = YES;
				ENABLE_TESTABILITY = YES;
				GCC_C_LANGUAGE_STANDARD = gnu11;
				GCC_DYNAMIC_NO_PIC = NO;
				GCC_NO_COMMON_BLOCKS = YES;
				GCC_OPTIMIZATION_LEVEL = 0;
				GCC_PREPROCESSOR_DEFINITIONS = (
					"DEBUG=1",
					"$(inherited)",
				);
				GCC_WARN_64_TO_32_BIT_CONVERSION = YES;
				GCC_WARN_ABOUT_RETURN_TYPE = YES_ERROR;
				GCC_WARN_UNDECLARED_SELECTOR = YES;
				GCC_WARN_UNINITIALIZED_AUTOS = YES_AGGRESSIVE;
				GCC_WARN_UNUSED_FUNCTION = YES;
				GCC_WARN_UNUSED_VARIABLE = YES;
				IPHONEOS_DEPLOYMENT_TARGET = 16.1;
				MTL_ENABLE_DEBUG_INFO = INCLUDE_SOURCE;
				MTL_FAST_MATH = YES;
				ONLY_ACTIVE_ARCH = YES;
				SDKROOT = iphoneos;
				SWIFT_ACTIVE_COMPILATION_CONDITIONS = DEBUG;
				SWIFT_OPTIMIZATION_LEVEL = "-Onone";
			};
			name = Debug;
		};
		2B1C59F329538D570079BC85 /* Release */ = {
			isa = XCBuildConfiguration;
			buildSettings = {
				ALWAYS_SEARCH_USER_PATHS = NO;
				CLANG_ANALYZER_NONNULL = YES;
				CLANG_ANALYZER_NUMBER_OBJECT_CONVERSION = YES_AGGRESSIVE;
				CLANG_CXX_LANGUAGE_STANDARD = "gnu++20";
				CLANG_ENABLE_MODULES = YES;
				CLANG_ENABLE_OBJC_ARC = YES;
				CLANG_ENABLE_OBJC_WEAK = YES;
				CLANG_WARN_BLOCK_CAPTURE_AUTORELEASING = YES;
				CLANG_WARN_BOOL_CONVERSION = YES;
				CLANG_WARN_COMMA = YES;
				CLANG_WARN_CONSTANT_CONVERSION = YES;
				CLANG_WARN_DEPRECATED_OBJC_IMPLEMENTATIONS = YES;
				CLANG_WARN_DIRECT_OBJC_ISA_USAGE = YES_ERROR;
				CLANG_WARN_DOCUMENTATION_COMMENTS = YES;
				CLANG_WARN_EMPTY_BODY = YES;
				CLANG_WARN_ENUM_CONVERSION = YES;
				CLANG_WARN_INFINITE_RECURSION = YES;
				CLANG_WARN_INT_CONVERSION = YES;
				CLANG_WARN_NON_LITERAL_NULL_CONVERSION = YES;
				CLANG_WARN_OBJC_IMPLICIT_RETAIN_SELF = YES;
				CLANG_WARN_OBJC_LITERAL_CONVERSION = YES;
				CLANG_WARN_OBJC_ROOT_CLASS = YES_ERROR;
				CLANG_WARN_QUOTED_INCLUDE_IN_FRAMEWORK_HEADER = YES;
				CLANG_WARN_RANGE_LOOP_ANALYSIS = YES;
				CLANG_WARN_STRICT_PROTOTYPES = YES;
				CLANG_WARN_SUSPICIOUS_MOVE = YES;
				CLANG_WARN_UNGUARDED_AVAILABILITY = YES_AGGRESSIVE;
				CLANG_WARN_UNREACHABLE_CODE = YES;
				CLANG_WARN__DUPLICATE_METHOD_MATCH = YES;
				COPY_PHASE_STRIP = NO;
				DEBUG_INFORMATION_FORMAT = "dwarf-with-dsym";
				ENABLE_NS_ASSERTIONS = NO;
				ENABLE_STRICT_OBJC_MSGSEND = YES;
				GCC_C_LANGUAGE_STANDARD = gnu11;
				GCC_NO_COMMON_BLOCKS = YES;
				GCC_WARN_64_TO_32_BIT_CONVERSION = YES;
				GCC_WARN_ABOUT_RETURN_TYPE = YES_ERROR;
				GCC_WARN_UNDECLARED_SELECTOR = YES;
				GCC_WARN_UNINITIALIZED_AUTOS = YES_AGGRESSIVE;
				GCC_WARN_UNUSED_FUNCTION = YES;
				GCC_WARN_UNUSED_VARIABLE = YES;
				IPHONEOS_DEPLOYMENT_TARGET = 16.1;
				MTL_ENABLE_DEBUG_INFO = NO;
				MTL_FAST_MATH = YES;
				SDKROOT = iphoneos;
				SWIFT_COMPILATION_MODE = wholemodule;
				SWIFT_OPTIMIZATION_LEVEL = "-O";
				VALIDATE_PRODUCT = YES;
			};
			name = Release;
		};
		2B1C59F529538D570079BC85 /* Debug */ = {
			isa = XCBuildConfiguration;
			buildSettings = {
				ASSETCATALOG_COMPILER_APPICON_NAME = AppIcon;
				ASSETCATALOG_COMPILER_GLOBAL_ACCENT_COLOR_NAME = AccentColor;
				CODE_SIGN_STYLE = Automatic;
				CURRENT_PROJECT_VERSION = 1;
				DEVELOPMENT_ASSET_PATHS = "\"Volleybal Plus/Preview Content\"";
				DEVELOPMENT_TEAM = KB7MXFML57;
				ENABLE_PREVIEWS = YES;
				GENERATE_INFOPLIST_FILE = YES;
				INFOPLIST_KEY_UIApplicationSceneManifest_Generation = YES;
				INFOPLIST_KEY_UIApplicationSupportsIndirectInputEvents = YES;
				INFOPLIST_KEY_UILaunchScreen_Generation = YES;
				INFOPLIST_KEY_UISupportedInterfaceOrientations_iPad = "UIInterfaceOrientationPortrait UIInterfaceOrientationPortraitUpsideDown UIInterfaceOrientationLandscapeLeft UIInterfaceOrientationLandscapeRight";
				INFOPLIST_KEY_UISupportedInterfaceOrientations_iPhone = "UIInterfaceOrientationPortrait UIInterfaceOrientationLandscapeLeft UIInterfaceOrientationLandscapeRight";
				LD_RUNPATH_SEARCH_PATHS = (
					"$(inherited)",
					"@executable_path/Frameworks",
				);
				MARKETING_VERSION = 1.0;
				PRODUCT_BUNDLE_IDENTIFIER = "com.pieterbikkel.Volleybal-Plus";
				PRODUCT_NAME = "$(TARGET_NAME)";
				SWIFT_EMIT_LOC_STRINGS = YES;
				SWIFT_VERSION = 5.0;
				TARGETED_DEVICE_FAMILY = "1,2";
			};
			name = Debug;
		};
		2B1C59F629538D570079BC85 /* Release */ = {
			isa = XCBuildConfiguration;
			buildSettings = {
				ASSETCATALOG_COMPILER_APPICON_NAME = AppIcon;
				ASSETCATALOG_COMPILER_GLOBAL_ACCENT_COLOR_NAME = AccentColor;
				CODE_SIGN_STYLE = Automatic;
				CURRENT_PROJECT_VERSION = 1;
				DEVELOPMENT_ASSET_PATHS = "\"Volleybal Plus/Preview Content\"";
				DEVELOPMENT_TEAM = KB7MXFML57;
				ENABLE_PREVIEWS = YES;
				GENERATE_INFOPLIST_FILE = YES;
				INFOPLIST_KEY_UIApplicationSceneManifest_Generation = YES;
				INFOPLIST_KEY_UIApplicationSupportsIndirectInputEvents = YES;
				INFOPLIST_KEY_UILaunchScreen_Generation = YES;
				INFOPLIST_KEY_UISupportedInterfaceOrientations_iPad = "UIInterfaceOrientationPortrait UIInterfaceOrientationPortraitUpsideDown UIInterfaceOrientationLandscapeLeft UIInterfaceOrientationLandscapeRight";
				INFOPLIST_KEY_UISupportedInterfaceOrientations_iPhone = "UIInterfaceOrientationPortrait UIInterfaceOrientationLandscapeLeft UIInterfaceOrientationLandscapeRight";
				LD_RUNPATH_SEARCH_PATHS = (
					"$(inherited)",
					"@executable_path/Frameworks",
				);
				MARKETING_VERSION = 1.0;
				PRODUCT_BUNDLE_IDENTIFIER = "com.pieterbikkel.Volleybal-Plus";
				PRODUCT_NAME = "$(TARGET_NAME)";
				SWIFT_EMIT_LOC_STRINGS = YES;
				SWIFT_VERSION = 5.0;
				TARGETED_DEVICE_FAMILY = "1,2";
			};
			name = Release;
		};
/* End XCBuildConfiguration section */

/* Begin XCConfigurationList section */
		2B1C59E129538D560079BC85 /* Build configuration list for PBXProject "Volleybal Plus" */ = {
			isa = XCConfigurationList;
			buildConfigurations = (
				2B1C59F229538D570079BC85 /* Debug */,
				2B1C59F329538D570079BC85 /* Release */,
			);
			defaultConfigurationIsVisible = 0;
			defaultConfigurationName = Release;
		};
		2B1C59F429538D570079BC85 /* Build configuration list for PBXNativeTarget "Volleybal Plus" */ = {
			isa = XCConfigurationList;
			buildConfigurations = (
				2B1C59F529538D570079BC85 /* Debug */,
				2B1C59F629538D570079BC85 /* Release */,
			);
			defaultConfigurationIsVisible = 0;
			defaultConfigurationName = Release;
		};
/* End XCConfigurationList section */

/* Begin XCVersionGroup section */
		2BB506F4295A24F000E5E4F2 /* TeamsContainer.xcdatamodeld */ = {
			isa = XCVersionGroup;
			children = (
				2BB506F5295A24F000E5E4F2 /* TeamsContainer.xcdatamodel */,
			);
			currentVersion = 2BB506F5295A24F000E5E4F2 /* TeamsContainer.xcdatamodel */;
			path = TeamsContainer.xcdatamodeld;
			sourceTree = "<group>";
			versionGroupType = wrapper.xcdatamodel;
		};
/* End XCVersionGroup section */
	};
	rootObject = 2B1C59DE29538D560079BC85 /* Project object */;
}
